PODS:
  - Flutter (1.0.0)
  - flutter_compass (0.0.1):
    - Flutter
  - geolocator (6.0.0):
    - Flutter

DEPENDENCIES:
  - Flutter (from `Flutter`)
  - flutter_compass (from `.symlinks/plugins/flutter_compass/ios`)
  - geolocator (from `.symlinks/plugins/geolocator/ios`)

EXTERNAL SOURCES:
  Flutter:
    :path: Flutter
  flutter_compass:
    :path: ".symlinks/plugins/flutter_compass/ios"
  geolocator:
    :path: ".symlinks/plugins/geolocator/ios"

SPEC CHECKSUMS:
  Flutter: 0e3d915762c693b495b44d77113d4970485de6ec
  flutter_compass: cbbd285cea1584c7ac9c4e0c3e1f17cbea55e855
  geolocator: 233425da217b985ce05a0d42bfb77e6e13c125b1

PODFILE CHECKSUM: e45c292f618eeca3034958d33b444b6e1249b55f

COCOAPODS: 1.9.3
